core:changelogs:
  - content: "---\npackages:\n  npm:@noxify/gitlab-ci-builder:\n    type: patch\n---\n\n## Dependency updates\n\n- Updated all dependencies to their latest version.\n- Fixed open `pnpm audit` findings\n"
    filename: 2026-08-12-msprws2r.md
    v: 0.0.0
core:packages:
  - changelogIds:
      - 2026-08-12-msprws2r.md
    id: npm:@noxify/gitlab-ci-builder
    updated: true
npm:packages:
  - id: npm:@noxify/gitlab-ci-builder
