core:changelogs:
  - content: "---\npackages:\n  \"@noxify/gitlab-ci-builder\":\n    type: patch\n---\n\n## Improved internal code quality and security\n\n- Eliminated lint suppressions through code refactoring (expression-complexity, no-unnecessary-condition)\n- Unified import style to `node:path` default import\n- Added named capture groups to regex patterns\n- Reduced cyclomatic complexity in YAML serializer\n- Updated security overrides for transitive dependencies (shell-quote, ws, vite, brace-expansion, js-yaml, hono, esbuild)\n"
    filename: improved-code-quality.md
    v: 0.0.0
core:packages:
  - changelogIds:
      - improved-code-quality.md
    id: npm:@noxify/gitlab-ci-builder
    updated: true
npm:packages:
  - id: npm:@noxify/gitlab-ci-builder
